// !$*UTF8*$!
{
	archiveVersion = 1;
	classes = {
	};
	objectVersion = 46;
	objects = {

/* Begin PBXBuildFile section */
		5AEE5C781BD8077700BDE9F8 /* main.m in Sources */ = {isa = PBXBuildFile; fileRef = 5AEE5C771BD8077700BDE9F8 /* main.m */; };
		5AEE5C7B1BD8077700BDE9F8 /* AppDelegate.m in Sources */ = {isa = PBXBuildFile; fileRef = 5AEE5C7A1BD8077700BDE9F8 /* AppDelegate.m */; };
		5AEE5C7E1BD8077700BDE9F8 /* ViewController.m in Sources */ = {isa = PBXBuildFile; fileRef = 5AEE5C7D1BD8077700BDE9F8 /* ViewController.m */; };
		5AEE5C811BD8077700BDE9F8 /* Main.storyboard in Resources */ = {isa = PBXBuildFile; fileRef = 5AEE5C7F1BD8077700BDE9F8 /* Main.storyboard */; };
		5AEE5C831BD8077700BDE9F8 /* Assets.xcassets in Resources */ = {isa = PBXBuildFile; fileRef = 5AEE5C821BD8077700BDE9F8 /* Assets.xcassets */; };
		5AEE5C861BD8077700BDE9F8 /* LaunchScreen.storyboard in Resources */ = {isa = PBXBuildFile; fileRef = 5AEE5C841BD8077700BDE9F8 /* LaunchScreen.storyboard */; };
		5AEE5C911BD8077700BDE9F8 /* DownUIViewTests.m in Sources */ = {isa = PBXBuildFile; fileRef = 5AEE5C901BD8077700BDE9F8 /* DownUIViewTests.m */; };
		5AEE5C9C1BD8077700BDE9F8 /* DownUIViewUITests.m in Sources */ = {isa = PBXBuildFile; fileRef = 5AEE5C9B1BD8077700BDE9F8 /* DownUIViewUITests.m */; };
		5AEE5CB71BD8080100BDE9F8 /* DollarP.m in Sources */ = {isa = PBXBuildFile; fileRef = 5AEE5CAA1BD8080100BDE9F8 /* DollarP.m */; settings = {ASSET_TAGS = (); }; };
		5AEE5CB81BD8080100BDE9F8 /* DollarPGestureRecognizer.m in Sources */ = {isa = PBXBuildFile; fileRef = 5AEE5CAC1BD8080100BDE9F8 /* DollarPGestureRecognizer.m */; settings = {ASSET_TAGS = (); }; };
		5AEE5CB91BD8080100BDE9F8 /* DollarDefaultGestures.m in Sources */ = {isa = PBXBuildFile; fileRef = 5AEE5CAE1BD8080100BDE9F8 /* DollarDefaultGestures.m */; settings = {ASSET_TAGS = (); }; };
		5AEE5CBA1BD8080100BDE9F8 /* DollarPoint.m in Sources */ = {isa = PBXBuildFile; fileRef = 5AEE5CB01BD8080100BDE9F8 /* DollarPoint.m */; settings = {ASSET_TAGS = (); }; };
		5AEE5CBB1BD8080100BDE9F8 /* DollarPointCloud.m in Sources */ = {isa = PBXBuildFile; fileRef = 5AEE5CB21BD8080100BDE9F8 /* DollarPointCloud.m */; settings = {ASSET_TAGS = (); }; };
		5AEE5CBC1BD8080100BDE9F8 /* DollarResult.m in Sources */ = {isa = PBXBuildFile; fileRef = 5AEE5CB41BD8080100BDE9F8 /* DollarResult.m */; settings = {ASSET_TAGS = (); }; };
		5AEE5CBD1BD8080100BDE9F8 /* GestureView.m in Sources */ = {isa = PBXBuildFile; fileRef = 5AEE5CB61BD8080100BDE9F8 /* GestureView.m */; settings = {ASSET_TAGS = (); }; };
		5AEE5CBF1BD80D0E00BDE9F8 /* Foundation.framework in Frameworks */ = {isa = PBXBuildFile; fileRef = 5AEE5CBE1BD80D0E00BDE9F8 /* Foundation.framework */; };
		5AEE5CC11BD80D1700BDE9F8 /* CoreGraphics.framework in Frameworks */ = {isa = PBXBuildFile; fileRef = 5AEE5CC01BD80D1700BDE9F8 /* CoreGraphics.framework */; };
		5AEE5CC31BD80D1F00BDE9F8 /* UIKit.framework in Frameworks */ = {isa = PBXBuildFile; fileRef = 5AEE5CC21BD80D1F00BDE9F8 /* UIKit.framework */; };
		5AEE5CC51BD80D8C00BDE9F8 /* CoreFoundation.framework in Frameworks */ = {isa = PBXBuildFile; fileRef = 5AEE5CC41BD80D8C00BDE9F8 /* CoreFoundation.framework */; };
/* End PBXBuildFile section */

/* Begin PBXContainerItemProxy section */
		5AEE5C8D1BD8077700BDE9F8 /* PBXContainerItemProxy */ = {
			isa = PBXContainerItemProxy;
			containerPortal = 5AEE5C6B1BD8077700BDE9F8 /* Project object */;
			proxyType = 1;
			remoteGlobalIDString = 5AEE5C721BD8077700BDE9F8;
			remoteInfo = DownUIView;
		};
		5AEE5C981BD8077700BDE9F8 /* PBXContainerItemProxy */ = {
			isa = PBXContainerItemProxy;
			containerPortal = 5AEE5C6B1BD8077700BDE9F8 /* Project object */;
			proxyType = 1;
			remoteGlobalIDString = 5AEE5C721BD8077700BDE9F8;
			remoteInfo = DownUIView;
		};
/* End PBXContainerItemProxy section */

/* Begin PBXFileReference section */
		5AEE5C731BD8077700BDE9F8 /* AppAlphabet.app */ = {isa = PBXFileReference; explicitFileType = wrapper.application; includeInIndex = 0; path = AppAlphabet.app; sourceTree = BUILT_PRODUCTS_DIR; };
		5AEE5C771BD8077700BDE9F8 /* main.m */ = {isa = PBXFileReference; lastKnownFileType = sourcecode.c.objc; path = main.m; sourceTree = "<group>"; };
		5AEE5C791BD8077700BDE9F8 /* AppDelegate.h */ = {isa = PBXFileReference; lastKnownFileType = sourcecode.c.h; path = AppDelegate.h; sourceTree = "<group>"; };
		5AEE5C7A1BD8077700BDE9F8 /* AppDelegate.m */ = {isa = PBXFileReference; lastKnownFileType = sourcecode.c.objc; path = AppDelegate.m; sourceTree = "<group>"; };
		5AEE5C7C1BD8077700BDE9F8 /* ViewController.h */ = {isa = PBXFileReference; lastKnownFileType = sourcecode.c.h; path = ViewController.h; sourceTree = "<group>"; };
		5AEE5C7D1BD8077700BDE9F8 /* ViewController.m */ = {isa = PBXFileReference; lastKnownFileType = sourcecode.c.objc; path = ViewController.m; sourceTree = "<group>"; };
		5AEE5C801BD8077700BDE9F8 /* Base */ = {isa = PBXFileReference; lastKnownFileType = file.storyboard; name = Base; path = Base.lproj/Main.storyboard; sourceTree = "<group>"; };
		5AEE5C821BD8077700BDE9F8 /* Assets.xcassets */ = {isa = PBXFileReference; lastKnownFileType = folder.assetcatalog; path = Assets.xcassets; sourceTree = "<group>"; };
		5AEE5C851BD8077700BDE9F8 /* Base */ = {isa = PBXFileReference; lastKnownFileType = file.storyboard; name = Base; path = Base.lproj/LaunchScreen.storyboard; sourceTree = "<group>"; };
		5AEE5C871BD8077700BDE9F8 /* Info.plist */ = {isa = PBXFileReference; lastKnownFileType = text.plist.xml; path = Info.plist; sourceTree = "<group>"; };
		5AEE5C8C1BD8077700BDE9F8 /* AppAlphabet.xctest */ = {isa = PBXFileReference; explicitFileType = wrapper.cfbundle; includeInIndex = 0; path = AppAlphabet.xctest; sourceTree = BUILT_PRODUCTS_DIR; };
		5AEE5C901BD8077700BDE9F8 /* DownUIViewTests.m */ = {isa = PBXFileReference; lastKnownFileType = sourcecode.c.objc; path = DownUIViewTests.m; sourceTree = "<group>"; };
		5AEE5C921BD8077700BDE9F8 /* Info.plist */ = {isa = PBXFileReference; lastKnownFileType = text.plist.xml; path = Info.plist; sourceTree = "<group>"; };
		5AEE5C971BD8077700BDE9F8 /* AppAlphabet.xctest */ = {isa = PBXFileReference; explicitFileType = wrapper.cfbundle; includeInIndex = 0; path = AppAlphabet.xctest; sourceTree = BUILT_PRODUCTS_DIR; };
		5AEE5C9B1BD8077700BDE9F8 /* DownUIViewUITests.m */ = {isa = PBXFileReference; lastKnownFileType = sourcecode.c.objc; path = DownUIViewUITests.m; sourceTree = "<group>"; };
		5AEE5C9D1BD8077700BDE9F8 /* Info.plist */ = {isa = PBXFileReference; lastKnownFileType = text.plist.xml; path = Info.plist; sourceTree = "<group>"; };
		5AEE5CA91BD8080100BDE9F8 /* DollarP.h */ = {isa = PBXFileReference; fileEncoding = 4; lastKnownFileType = sourcecode.c.h; path = DollarP.h; sourceTree = "<group>"; };
		5AEE5CAA1BD8080100BDE9F8 /* DollarP.m */ = {isa = PBXFileReference; fileEncoding = 4; lastKnownFileType = sourcecode.c.objc; path = DollarP.m; sourceTree = "<group>"; };
		5AEE5CAB1BD8080100BDE9F8 /* DollarPGestureRecognizer.h */ = {isa = PBXFileReference; fileEncoding = 4; lastKnownFileType = sourcecode.c.h; path = DollarPGestureRecognizer.h; sourceTree = "<group>"; };
		5AEE5CAC1BD8080100BDE9F8 /* DollarPGestureRecognizer.m */ = {isa = PBXFileReference; fileEncoding = 4; lastKnownFileType = sourcecode.c.objc; path = DollarPGestureRecognizer.m; sourceTree = "<group>"; };
		5AEE5CAD1BD8080100BDE9F8 /* DollarDefaultGestures.h */ = {isa = PBXFileReference; fileEncoding = 4; lastKnownFileType = sourcecode.c.h; path = DollarDefaultGestures.h; sourceTree = "<group>"; };
		5AEE5CAE1BD8080100BDE9F8 /* DollarDefaultGestures.m */ = {isa = PBXFileReference; fileEncoding = 4; lastKnownFileType = sourcecode.c.objc; path = DollarDefaultGestures.m; sourceTree = "<group>"; };
		5AEE5CAF1BD8080100BDE9F8 /* DollarPoint.h */ = {isa = PBXFileReference; fileEncoding = 4; lastKnownFileType = sourcecode.c.h; path = DollarPoint.h; sourceTree = "<group>"; };
		5AEE5CB01BD8080100BDE9F8 /* DollarPoint.m */ = {isa = PBXFileReference; fileEncoding = 4; lastKnownFileType = sourcecode.c.objc; path = DollarPoint.m; sourceTree = "<group>"; };
		5AEE5CB11BD8080100BDE9F8 /* DollarPointCloud.h */ = {isa = PBXFileReference; fileEncoding = 4; lastKnownFileType = sourcecode.c.h; path = DollarPointCloud.h; sourceTree = "<group>"; };
		5AEE5CB21BD8080100BDE9F8 /* DollarPointCloud.m */ = {isa = PBXFileReference; fileEncoding = 4; lastKnownFileType = sourcecode.c.objc; path = DollarPointCloud.m; sourceTree = "<group>"; };
		5AEE5CB31BD8080100BDE9F8 /* DollarResult.h */ = {isa = PBXFileReference; fileEncoding = 4; lastKnownFileType = sourcecode.c.h; path = DollarResult.h; sourceTree = "<group>"; };
		5AEE5CB41BD8080100BDE9F8 /* DollarResult.m */ = {isa = PBXFileReference; fileEncoding = 4; lastKnownFileType = sourcecode.c.objc; path = DollarResult.m; sourceTree = "<group>"; };
		5AEE5CB51BD8080100BDE9F8 /* GestureView.h */ = {isa = PBXFileReference; fileEncoding = 4; lastKnownFileType = sourcecode.c.h; path = GestureView.h; sourceTree = "<group>"; };
		5AEE5CB61BD8080100BDE9F8 /* GestureView.m */ = {isa = PBXFileReference; fileEncoding = 4; lastKnownFileType = sourcecode.c.objc; path = GestureView.m; sourceTree = "<group>"; };
		5AEE5CBE1BD80D0E00BDE9F8 /* Foundation.framework */ = {isa = PBXFileReference; lastKnownFileType = wrapper.framework; name = Foundation.framework; path = System/Library/Frameworks/Foundation.framework; sourceTree = SDKROOT; };
		5AEE5CC01BD80D1700BDE9F8 /* CoreGraphics.framework */ = {isa = PBXFileReference; lastKnownFileType = wrapper.framework; name = CoreGraphics.framework; path = System/Library/Frameworks/CoreGraphics.framework; sourceTree = SDKROOT; };
		5AEE5CC21BD80D1F00BDE9F8 /* UIKit.framework */ = {isa = PBXFileReference; lastKnownFileType = wrapper.framework; name = UIKit.framework; path = System/Library/Frameworks/UIKit.framework; sourceTree = SDKROOT; };
		5AEE5CC41BD80D8C00BDE9F8 /* CoreFoundation.framework */ = {isa = PBXFileReference; lastKnownFileType = wrapper.framework; name = CoreFoundation.framework; path = System/Library/Frameworks/CoreFoundation.framework; sourceTree = SDKROOT; };
/* End PBXFileReference section */

/* Begin PBXFrameworksBuildPhase section */
		5AEE5C701BD8077700BDE9F8 /* Frameworks */ = {
			isa = PBXFrameworksBuildPhase;
			buildActionMask = 2147483647;
			files = (
				5AEE5CC51BD80D8C00BDE9F8 /* CoreFoundation.framework in Frameworks */,
				5AEE5CC31BD80D1F00BDE9F8 /* UIKit.framework in Frameworks */,
				5AEE5CC11BD80D1700BDE9F8 /* CoreGraphics.framework in Frameworks */,
				5AEE5CBF1BD80D0E00BDE9F8 /* Foundation.framework in Frameworks */,
			);
			runOnlyForDeploymentPostprocessing = 0;
		};
		5AEE5C891BD8077700BDE9F8 /* Frameworks */ = {
			isa = PBXFrameworksBuildPhase;
			buildActionMask = 2147483647;
			files = (
			);
			runOnlyForDeploymentPostprocessing = 0;
		};
		5AEE5C941BD8077700BDE9F8 /* Frameworks */ = {
			isa = PBXFrameworksBuildPhase;
			buildActionMask = 2147483647;
			files = (
			);
			runOnlyForDeploymentPostprocessing = 0;
		};
/* End PBXFrameworksBuildPhase section */

/* Begin PBXGroup section */
		5AEE5C6A1BD8077700BDE9F8 = {
			isa = PBXGroup;
			children = (
				5AEE5CC41BD80D8C00BDE9F8 /* CoreFoundation.framework */,
				5AEE5CC21BD80D1F00BDE9F8 /* UIKit.framework */,
				5AEE5CC01BD80D1700BDE9F8 /* CoreGraphics.framework */,
				5AEE5CBE1BD80D0E00BDE9F8 /* Foundation.framework */,
				5AEE5C751BD8077700BDE9F8 /* Alphabet */,
				5AEE5C8F1BD8077700BDE9F8 /* DownUIViewTests */,
				5AEE5C9A1BD8077700BDE9F8 /* DownUIViewUITests */,
				5AEE5C741BD8077700BDE9F8 /* Products */,
			);
			sourceTree = "<group>";
		};
		5AEE5C741BD8077700BDE9F8 /* Products */ = {
			isa = PBXGroup;
			children = (
				5AEE5C731BD8077700BDE9F8 /* AppAlphabet.app */,
				5AEE5C8C1BD8077700BDE9F8 /* AppAlphabet.xctest */,
				5AEE5C971BD8077700BDE9F8 /* AppAlphabet.xctest */,
			);
			name = Products;
			sourceTree = "<group>";
		};
		5AEE5C751BD8077700BDE9F8 /* Alphabet */ = {
			isa = PBXGroup;
			children = (
				5AEE5CA91BD8080100BDE9F8 /* DollarP.h */,
				5AEE5CAA1BD8080100BDE9F8 /* DollarP.m */,
				5AEE5CAB1BD8080100BDE9F8 /* DollarPGestureRecognizer.h */,
				5AEE5CAC1BD8080100BDE9F8 /* DollarPGestureRecognizer.m */,
				5AEE5CAD1BD8080100BDE9F8 /* DollarDefaultGestures.h */,
				5AEE5CAE1BD8080100BDE9F8 /* DollarDefaultGestures.m */,
				5AEE5CAF1BD8080100BDE9F8 /* DollarPoint.h */,
				5AEE5CB01BD8080100BDE9F8 /* DollarPoint.m */,
				5AEE5CB11BD8080100BDE9F8 /* DollarPointCloud.h */,
				5AEE5CB21BD8080100BDE9F8 /* DollarPointCloud.m */,
				5AEE5CB31BD8080100BDE9F8 /* DollarResult.h */,
				5AEE5CB41BD8080100BDE9F8 /* DollarResult.m */,
				5AEE5CB51BD8080100BDE9F8 /* GestureView.h */,
				5AEE5CB61BD8080100BDE9F8 /* GestureView.m */,
				5AEE5C791BD8077700BDE9F8 /* AppDelegate.h */,
				5AEE5C7A1BD8077700BDE9F8 /* AppDelegate.m */,
				5AEE5C7C1BD8077700BDE9F8 /* ViewController.h */,
				5AEE5C7D1BD8077700BDE9F8 /* ViewController.m */,
				5AEE5C7F1BD8077700BDE9F8 /* Main.storyboard */,
				5AEE5C821BD8077700BDE9F8 /* Assets.xcassets */,
				5AEE5C841BD8077700BDE9F8 /* LaunchScreen.storyboard */,
				5AEE5C871BD8077700BDE9F8 /* Info.plist */,
				5AEE5C761BD8077700BDE9F8 /* Supporting Files */,
			);
			name = Alphabet;
			path = DownUIView;
			sourceTree = "<group>";
		};
		5AEE5C761BD8077700BDE9F8 /* Supporting Files */ = {
			isa = PBXGroup;
			children = (
				5AEE5C771BD8077700BDE9F8 /* main.m */,
			);
			name = "Supporting Files";
			sourceTree = "<group>";
		};
		5AEE5C8F1BD8077700BDE9F8 /* DownUIViewTests */ = {
			isa = PBXGroup;
			children = (
				5AEE5C901BD8077700BDE9F8 /* DownUIViewTests.m */,
				5AEE5C921BD8077700BDE9F8 /* Info.plist */,
			);
			path = DownUIViewTests;
			sourceTree = "<group>";
		};
		5AEE5C9A1BD8077700BDE9F8 /* DownUIViewUITests */ = {
			isa = PBXGroup;
			children = (
				5AEE5C9B1BD8077700BDE9F8 /* DownUIViewUITests.m */,
				5AEE5C9D1BD8077700BDE9F8 /* Info.plist */,
			);
			path = DownUIViewUITests;
			sourceTree = "<group>";
		};
/* End PBXGroup section */

/* Begin PBXNativeTarget section */
		5AEE5C721BD8077700BDE9F8 /* AppAlphabet */ = {
			isa = PBXNativeTarget;
			buildConfigurationList = 5AEE5CA01BD8077700BDE9F8 /* Build configuration list for PBXNativeTarget "AppAlphabet" */;
			buildPhases = (
				5AEE5C6F1BD8077700BDE9F8 /* Sources */,
				5AEE5C701BD8077700BDE9F8 /* Frameworks */,
				5AEE5C711BD8077700BDE9F8 /* Resources */,
			);
			buildRules = (
			);
			dependencies = (
			);
			name = AppAlphabet;
			productName = DownUIView;
			productReference = 5AEE5C731BD8077700BDE9F8 /* AppAlphabet.app */;
			productType = "com.apple.product-type.application";
		};
		5AEE5C8B1BD8077700BDE9F8 /* AppAlphabetTests */ = {
			isa = PBXNativeTarget;
			buildConfigurationList = 5AEE5CA31BD8077700BDE9F8 /* Build configuration list for PBXNativeTarget "AppAlphabetTests" */;
			buildPhases = (
				5AEE5C881BD8077700BDE9F8 /* Sources */,
				5AEE5C891BD8077700BDE9F8 /* Frameworks */,
				5AEE5C8A1BD8077700BDE9F8 /* Resources */,
			);
			buildRules = (
			);
			dependencies = (
				5AEE5C8E1BD8077700BDE9F8 /* PBXTargetDependency */,
			);
			name = AppAlphabetTests;
			productName = DownUIViewTests;
			productReference = 5AEE5C8C1BD8077700BDE9F8 /* AppAlphabet.xctest */;
			productType = "com.apple.product-type.bundle.unit-test";
		};
		5AEE5C961BD8077700BDE9F8 /* AppAlphabetUITests */ = {
			isa = PBXNativeTarget;
			buildConfigurationList = 5AEE5CA61BD8077700BDE9F8 /* Build configuration list for PBXNativeTarget "AppAlphabetUITests" */;
			buildPhases = (
				5AEE5C931BD8077700BDE9F8 /* Sources */,
				5AEE5C941BD8077700BDE9F8 /* Frameworks */,
				5AEE5C951BD8077700BDE9F8 /* Resources */,
			);
			buildRules = (
			);
			dependencies = (
				5AEE5C991BD8077700BDE9F8 /* PBXTargetDependency */,
			);
			name = AppAlphabetUITests;
			productName = DownUIViewUITests;
			productReference = 5AEE5C971BD8077700BDE9F8 /* AppAlphabet.xctest */;
			productType = "com.apple.product-type.bundle.ui-testing";
		};
/* End PBXNativeTarget section */

/* Begin PBXProject section */
		5AEE5C6B1BD8077700BDE9F8 /* Project object */ = {
			isa = PBXProject;
			attributes = {
				LastUpgradeCheck = 0700;
				ORGANIZATIONNAME = "Tamim Ryhan";
				TargetAttributes = {
					5AEE5C721BD8077700BDE9F8 = {
						CreatedOnToolsVersion = 7.0;
					};
					5AEE5C8B1BD8077700BDE9F8 = {
						CreatedOnToolsVersion = 7.0;
						TestTargetID = 5AEE5C721BD8077700BDE9F8;
					};
					5AEE5C961BD8077700BDE9F8 = {
						CreatedOnToolsVersion = 7.0;
						TestTargetID = 5AEE5C721BD8077700BDE9F8;
					};
				};
			};
			buildConfigurationList = 5AEE5C6E1BD8077700BDE9F8 /* Build configuration list for PBXProject "AppAlphabet" */;
			compatibilityVersion = "Xcode 3.2";
			developmentRegion = English;
			hasScannedForEncodings = 0;
			knownRegions = (
				en,
				Base,
			);
			mainGroup = 5AEE5C6A1BD8077700BDE9F8;
			productRefGroup = 5AEE5C741BD8077700BDE9F8 /* Products */;
			projectDirPath = "";
			projectRoot = "";
			targets = (
				5AEE5C721BD8077700BDE9F8 /* AppAlphabet */,
				5AEE5C8B1BD8077700BDE9F8 /* AppAlphabetTests */,
				5AEE5C961BD8077700BDE9F8 /* AppAlphabetUITests */,
			);
		};
/* End PBXProject section */

/* Begin PBXResourcesBuildPhase section */
		5AEE5C711BD8077700BDE9F8 /* Resources */ = {
			isa = PBXResourcesBuildPhase;
			buildActionMask = 2147483647;
			files = (
				5AEE5C861BD8077700BDE9F8 /* LaunchScreen.storyboard in Resources */,
				5AEE5C831BD8077700BDE9F8 /* Assets.xcassets in Resources */,
				5AEE5C811BD8077700BDE9F8 /* Main.storyboard in Resources */,
			);
			runOnlyForDeploymentPostprocessing = 0;
		};
		5AEE5C8A1BD8077700BDE9F8 /* Resources */ = {
			isa = PBXResourcesBuildPhase;
			buildActionMask = 2147483647;
			files = (
			);
			runOnlyForDeploymentPostprocessing = 0;
		};
		5AEE5C951BD8077700BDE9F8 /* Resources */ = {
			isa = PBXResourcesBuildPhase;
			buildActionMask = 2147483647;
			files = (
			);
			runOnlyForDeploymentPostprocessing = 0;
		};
/* End PBXResourcesBuildPhase section */

/* Begin PBXSourcesBuildPhase section */
		5AEE5C6F1BD8077700BDE9F8 /* Sources */ = {
			isa = PBXSourcesBuildPhase;
			buildActionMask = 2147483647;
			files = (
				5AEE5CB81BD8080100BDE9F8 /* DollarPGestureRecognizer.m in Sources */,
				5AEE5CBA1BD8080100BDE9F8 /* DollarPoint.m in Sources */,
				5AEE5C7E1BD8077700BDE9F8 /* ViewController.m in Sources */,
				5AEE5C7B1BD8077700BDE9F8 /* AppDelegate.m in Sources */,
				5AEE5CBB1BD8080100BDE9F8 /* DollarPointCloud.m in Sources */,
				5AEE5CBC1BD8080100BDE9F8 /* DollarResult.m in Sources */,
				5AEE5CBD1BD8080100BDE9F8 /* GestureView.m in Sources */,
				5AEE5CB91BD8080100BDE9F8 /* DollarDefaultGestures.m in Sources */,
				5AEE5CB71BD8080100BDE9F8 /* DollarP.m in Sources */,
				5AEE5C781BD8077700BDE9F8 /* main.m in Sources */,
			);
			runOnlyForDeploymentPostprocessing = 0;
		};
		5AEE5C881BD8077700BDE9F8 /* Sources */ = {
			isa = PBXSourcesBuildPhase;
			buildActionMask = 2147483647;
			files = (
				5AEE5C911BD8077700BDE9F8 /* DownUIViewTests.m in Sources */,
			);
			runOnlyForDeploymentPostprocessing = 0;
		};
		5AEE5C931BD8077700BDE9F8 /* Sources */ = {
			isa = PBXSourcesBuildPhase;
			buildActionMask = 2147483647;
			files = (
				5AEE5C9C1BD8077700BDE9F8 /* DownUIViewUITests.m in Sources */,
			);
			runOnlyForDeploymentPostprocessing = 0;
		};
/* End PBXSourcesBuildPhase section */

/* Begin PBXTargetDependency section */
		5AEE5C8E1BD8077700BDE9F8 /* PBXTargetDependency */ = {
			isa = PBXTargetDependency;
			target = 5AEE5C721BD8077700BDE9F8 /* AppAlphabet */;
			targetProxy = 5AEE5C8D1BD8077700BDE9F8 /* PBXContainerItemProxy */;
		};
		5AEE5C991BD8077700BDE9F8 /* PBXTargetDependency */ = {
			isa = PBXTargetDependency;
			target = 5AEE5C721BD8077700BDE9F8 /* AppAlphabet */;
			targetProxy = 5AEE5C981BD8077700BDE9F8 /* PBXContainerItemProxy */;
		};
/* End PBXTargetDependency section */

/* Begin PBXVariantGroup section */
		5AEE5C7F1BD8077700BDE9F8 /* Main.storyboard */ = {
			isa = PBXVariantGroup;
			children = (
				5AEE5C801BD8077700BDE9F8 /* Base */,
			);
			name = Main.storyboard;
			sourceTree = "<group>";
		};
		5AEE5C841BD8077700BDE9F8 /* LaunchScreen.storyboard */ = {
			isa = PBXVariantGroup;
			children = (
				5AEE5C851BD8077700BDE9F8 /* Base */,
			);
			name = LaunchScreen.storyboard;
			sourceTree = "<group>";
		};
/* End PBXVariantGroup section */

/* Begin XCBuildConfiguration section */
		5AEE5C9E1BD8077700BDE9F8 /* Debug */ = {
			isa = XCBuildConfiguration;
			buildSettings = {
				ALWAYS_SEARCH_USER_PATHS = NO;
				CLANG_CXX_LANGUAGE_STANDARD = "gnu++0x";
				CLANG_CXX_LIBRARY = "libc++";
				CLANG_ENABLE_MODULES = YES;
				CLANG_ENABLE_OBJC_ARC = YES;
				CLANG_WARN_BOOL_CONVERSION = YES;
				CLANG_WARN_CONSTANT_CONVERSION = YES;
				CLANG_WARN_DIRECT_OBJC_ISA_USAGE = YES_ERROR;
				CLANG_WARN_EMPTY_BODY = YES;
				CLANG_WARN_ENUM_CONVERSION = YES;
				CLANG_WARN_INT_CONVERSION = YES;
				CLANG_WARN_OBJC_ROOT_CLASS = YES_ERROR;
				CLANG_WARN_UNREACHABLE_CODE = YES;
				CLANG_WARN__DUPLICATE_METHOD_MATCH = YES;
				"CODE_SIGN_IDENTITY[sdk=iphoneos*]" = "iPhone Developer";
				COPY_PHASE_STRIP = NO;
				DEBUG_INFORMATION_FORMAT = dwarf;
				ENABLE_STRICT_OBJC_MSGSEND = YES;
				ENABLE_TESTABILITY = YES;
				GCC_C_LANGUAGE_STANDARD = gnu99;
				GCC_DYNAMIC_NO_PIC = NO;
				GCC_NO_COMMON_BLOCKS = YES;
				GCC_OPTIMIZATION_LEVEL = 0;
				GCC_PREPROCESSOR_DEFINITIONS = (
					"DEBUG=1",
					"$(inherited)",
				);
				GCC_WARN_64_TO_32_BIT_CONVERSION = YES;
				GCC_WARN_ABOUT_RETURN_TYPE = YES_ERROR;
				GCC_WARN_UNDECLARED_SELECTOR = YES;
				GCC_WARN_UNINITIALIZED_AUTOS = YES_AGGRESSIVE;
				GCC_WARN_UNUSED_FUNCTION = YES;
				GCC_WARN_UNUSED_VARIABLE = YES;
				IPHONEOS_DEPLOYMENT_TARGET = 9.0;
				MTL_ENABLE_DEBUG_INFO = YES;
				ONLY_ACTIVE_ARCH = YES;
				SDKROOT = iphoneos;
				TARGETED_DEVICE_FAMILY = "1,2";
			};
			name = Debug;
		};
		5AEE5C9F1BD8077700BDE9F8 /* Release */ = {
			isa = XCBuildConfiguration;
			buildSettings = {
				ALWAYS_SEARCH_USER_PATHS = NO;
				CLANG_CXX_LANGUAGE_STANDARD = "gnu++0x";
				CLANG_CXX_LIBRARY = "libc++";
				CLANG_ENABLE_MODULES = YES;
				CLANG_ENABLE_OBJC_ARC = YES;
				CLANG_WARN_BOOL_CONVERSION = YES;
				CLANG_WARN_CONSTANT_CONVERSION = YES;
				CLANG_WARN_DIRECT_OBJC_ISA_USAGE = YES_ERROR;
				CLANG_WARN_EMPTY_BODY = YES;
				CLANG_WARN_ENUM_CONVERSION = YES;
				CLANG_WARN_INT_CONVERSION = YES;
				CLANG_WARN_OBJC_ROOT_CLASS = YES_ERROR;
				CLANG_WARN_UNREACHABLE_CODE = YES;
				CLANG_WARN__DUPLICATE_METHOD_MATCH = YES;
				"CODE_SIGN_IDENTITY[sdk=iphoneos*]" = "iPhone Developer";
				COPY_PHASE_STRIP = NO;
				DEBUG_INFORMATION_FORMAT = "dwarf-with-dsym";
				ENABLE_NS_ASSERTIONS = NO;
				ENABLE_STRICT_OBJC_MSGSEND = YES;
				GCC_C_LANGUAGE_STANDARD = gnu99;
				GCC_NO_COMMON_BLOCKS = YES;
				GCC_WARN_64_TO_32_BIT_CONVERSION = YES;
				GCC_WARN_ABOUT_RETURN_TYPE = YES_ERROR;
				GCC_WARN_UNDECLARED_SELECTOR = YES;
				GCC_WARN_UNINITIALIZED_AUTOS = YES_AGGRESSIVE;
				GCC_WARN_UNUSED_FUNCTION = YES;
				GCC_WARN_UNUSED_VARIABLE = YES;
				IPHONEOS_DEPLOYMENT_TARGET = 9.0;
				MTL_ENABLE_DEBUG_INFO = NO;
				SDKROOT = iphoneos;
				TARGETED_DEVICE_FAMILY = "1,2";
				VALIDATE_PRODUCT = YES;
			};
			name = Release;
		};
		5AEE5CA11BD8077700BDE9F8 /* Debug */ = {
			isa = XCBuildConfiguration;
			buildSettings = {
				ASSETCATALOG_COMPILER_APPICON_NAME = AppIcon;
				INFOPLIST_FILE = DownUIView/Info.plist;
				IPHONEOS_DEPLOYMENT_TARGET = 8.0;
				LD_RUNPATH_SEARCH_PATHS = "$(inherited) @executable_path/Frameworks";
				PRODUCT_BUNDLE_IDENTIFIER = "de.uni-kl.cs.hci.tamim.DownUIView";
				PRODUCT_NAME = AppAlphabet;
			};
			name = Debug;
		};
		5AEE5CA21BD8077700BDE9F8 /* Release */ = {
			isa = XCBuildConfiguration;
			buildSettings = {
				ASSETCATALOG_COMPILER_APPICON_NAME = AppIcon;
				INFOPLIST_FILE = DownUIView/Info.plist;
				IPHONEOS_DEPLOYMENT_TARGET = 8.0;
				LD_RUNPATH_SEARCH_PATHS = "$(inherited) @executable_path/Frameworks";
				PRODUCT_BUNDLE_IDENTIFIER = "de.uni-kl.cs.hci.tamim.DownUIView";
				PRODUCT_NAME = AppAlphabet;
			};
			name = Release;
		};
		5AEE5CA41BD8077700BDE9F8 /* Debug */ = {
			isa = XCBuildConfiguration;
			buildSettings = {
				BUNDLE_LOADER = "$(TEST_HOST)";
				INFOPLIST_FILE = DownUIViewTests/Info.plist;
				LD_RUNPATH_SEARCH_PATHS = "$(inherited) @executable_path/Frameworks @loader_path/Frameworks";
				PRODUCT_BUNDLE_IDENTIFIER = "de.uni-kl.cs.hci.tamim.DownUIViewTests";
				PRODUCT_NAME = AppAlphabet;
				TEST_HOST = "$(BUILT_PRODUCTS_DIR)/AppAlphabet.app/AppAlphabet";
			};
			name = Debug;
		};
		5AEE5CA51BD8077700BDE9F8 /* Release */ = {
			isa = XCBuildConfiguration;
			buildSettings = {
				BUNDLE_LOADER = "$(TEST_HOST)";
				INFOPLIST_FILE = DownUIViewTests/Info.plist;
				LD_RUNPATH_SEARCH_PATHS = "$(inherited) @executable_path/Frameworks @loader_path/Frameworks";
				PRODUCT_BUNDLE_IDENTIFIER = "de.uni-kl.cs.hci.tamim.DownUIViewTests";
				PRODUCT_NAME = AppAlphabet;
				TEST_HOST = "$(BUILT_PRODUCTS_DIR)/AppAlphabet.app/AppAlphabet";
			};
			name = Release;
		};
		5AEE5CA71BD8077700BDE9F8 /* Debug */ = {
			isa = XCBuildConfiguration;
			buildSettings = {
				INFOPLIST_FILE = DownUIViewUITests/Info.plist;
				LD_RUNPATH_SEARCH_PATHS = "$(inherited) @executable_path/Frameworks @loader_path/Frameworks";
				PRODUCT_BUNDLE_IDENTIFIER = "de.uni-kl.cs.hci.tamim.DownUIViewUITests";
				PRODUCT_NAME = AppAlphabet;
				TEST_TARGET_NAME = DownUIView;
				USES_XCTRUNNER = YES;
			};
			name = Debug;
		};
		5AEE5CA81BD8077700BDE9F8 /* Release */ = {
			isa = XCBuildConfiguration;
			buildSettings = {
				INFOPLIST_FILE = DownUIViewUITests/Info.plist;
				LD_RUNPATH_SEARCH_PATHS = "$(inherited) @executable_path/Frameworks @loader_path/Frameworks";
				PRODUCT_BUNDLE_IDENTIFIER = "de.uni-kl.cs.hci.tamim.DownUIViewUITests";
				PRODUCT_NAME = AppAlphabet;
				TEST_TARGET_NAME = DownUIView;
				USES_XCTRUNNER = YES;
			};
			name = Release;
		};
/* End XCBuildConfiguration section */

/* Begin XCConfigurationList section */
		5AEE5C6E1BD8077700BDE9F8 /* Build configuration list for PBXProject "AppAlphabet" */ = {
			isa = XCConfigurationList;
			buildConfigurations = (
				5AEE5C9E1BD8077700BDE9F8 /* Debug */,
				5AEE5C9F1BD8077700BDE9F8 /* Release */,
			);
			defaultConfigurationIsVisible = 0;
			defaultConfigurationName = Release;
		};
		5AEE5CA01BD8077700BDE9F8 /* Build configuration list for PBXNativeTarget "AppAlphabet" */ = {
			isa = XCConfigurationList;
			buildConfigurations = (
				5AEE5CA11BD8077700BDE9F8 /* Debug */,
				5AEE5CA21BD8077700BDE9F8 /* Release */,
			);
			defaultConfigurationIsVisible = 0;
			defaultConfigurationName = Release;
		};
		5AEE5CA31BD8077700BDE9F8 /* Build configuration list for PBXNativeTarget "AppAlphabetTests" */ = {
			isa = XCConfigurationList;
			buildConfigurations = (
				5AEE5CA41BD8077700BDE9F8 /* Debug */,
				5AEE5CA51BD8077700BDE9F8 /* Release */,
			);
			defaultConfigurationIsVisible = 0;
			defaultConfigurationName = Release;
		};
		5AEE5CA61BD8077700BDE9F8 /* Build configuration list for PBXNativeTarget "AppAlphabetUITests" */ = {
			isa = XCConfigurationList;
			buildConfigurations = (
				5AEE5CA71BD8077700BDE9F8 /* Debug */,
				5AEE5CA81BD8077700BDE9F8 /* Release */,
			);
			defaultConfigurationIsVisible = 0;
			defaultConfigurationName = Release;
		};
/* End XCConfigurationList section */
	};
	rootObject = 5AEE5C6B1BD8077700BDE9F8 /* Project object */;
}
